
Microsoft Visual Studio Solution File, Format Version 12.00
# Visual Studio Version 16
VisualStudioVersion = 16.0.30907.101
MinimumVisualStudioVersion = 10.0.40219.1
Project("{9A19103F-16F7-4668-BE54-9A1E7A4F7556}") = "Asd2Edittor", "Asd2Edittor\Asd2Edittor.csproj", "{D9FDEC07-B8B2-B03C-6BD0-050246163E60}"
EndProject
Project("{9A19103F-16F7-4668-BE54-9A1E7A4F7556}") = "Asd2UI", "AsdEdittor.Core\Asd2UI.csproj", "{34607D1D-DB11-4791-8441-54BEB79417FB}"
EndProject
Project("{2150E333-8FDC-42A3-9474-1A3956D46DE8}") = "Solution Items", "Solution Items", "{35360934-6E9C-4066-A0A4-4CF132385ED0}"
	ProjectSection(SolutionItems) = preProject
		.editorconfig = .editorconfig
	EndProjectSection
EndProject
Project("{FAE04EC0-301F-11D3-BF4B-00C04F79EFBC}") = "Test", "Test\Test.csproj", "{73019F55-561E-48FB-905D-EB4447D981CA}"
EndProject
Global
	GlobalSection(SolutionConfigurationPlatforms) = preSolution
		Debug|Any CPU = Debug|Any CPU
		Release|Any CPU = Release|Any CPU
	EndGlobalSection
	GlobalSection(ProjectConfigurationPlatforms) = postSolution
		{D9FDEC07-B8B2-B03C-6BD0-050246163E60}.Debug|Any CPU.ActiveCfg = Debug|Any CPU
		{D9FDEC07-B8B2-B03C-6BD0-050246163E60}.Debug|Any CPU.Build.0 = Debug|Any CPU
		{D9FDEC07-B8B2-B03C-6BD0-050246163E60}.Release|Any CPU.ActiveCfg = Release|Any CPU
		{D9FDEC07-B8B2-B03C-6BD0-050246163E60}.Release|Any CPU.Build.0 = Release|Any CPU
		{34607D1D-DB11-4791-8441-54BEB79417FB}.Debug|Any CPU.ActiveCfg = Debug|Any CPU
		{34607D1D-DB11-4791-8441-54BEB79417FB}.Debug|Any CPU.Build.0 = Debug|Any CPU
		{34607D1D-DB11-4791-8441-54BEB79417FB}.Release|Any CPU.ActiveCfg = Release|Any CPU
		{34607D1D-DB11-4791-8441-54BEB79417FB}.Release|Any CPU.Build.0 = Release|Any CPU
		{73019F55-561E-48FB-905D-EB4447D981CA}.Debug|Any CPU.ActiveCfg = Debug|Any CPU
		{73019F55-561E-48FB-905D-EB4447D981CA}.Debug|Any CPU.Build.0 = Debug|Any CPU
		{73019F55-561E-48FB-905D-EB4447D981CA}.Release|Any CPU.ActiveCfg = Release|Any CPU
		{73019F55-561E-48FB-905D-EB4447D981CA}.Release|Any CPU.Build.0 = Release|Any CPU
	EndGlobalSection
	GlobalSection(SolutionProperties) = preSolution
		HideSolutionNode = FALSE
	EndGlobalSection
	GlobalSection(ExtensibilityGlobals) = postSolution
		SolutionGuid = {1A70D2CE-5883-C003-09A3-CF0FB372EDAE}
	EndGlobalSection
EndGlobal
